
Microsoft Visual Studio Solution File, Format Version 12.00
# Visual Studio Version 16
VisualStudioVersion = 16.0.29326.143
MinimumVisualStudioVersion = 10.0.40219.1
Project("{8BC9CEB8-8B4A-11D0-8D11-00A0C91BC942}") = "problem10-1", "problem10-1.vcxproj", "{8CF72556-9AF4-465E-9C58-CD00D7E725D7}"
EndProject
Global
	GlobalSection(SolutionConfigurationPlatforms) = preSolution
		Debug|x64 = Debug|x64
		Debug|x86 = Debug|x86
		Release|x64 = Release|x64
		Release|x86 = Release|x86
	EndGlobalSection
	GlobalSection(ProjectConfigurationPlatforms) = postSolution
		{8CF72556-9AF4-465E-9C58-CD00D7E725D7}.Debug|x64.ActiveCfg = Debug|x64
		{8CF72556-9AF4-465E-9C58-CD00D7E725D7}.Debug|x64.Build.0 = Debug|x64
		{8CF72556-9AF4-465E-9C58-CD00D7E725D7}.Debug|x86.ActiveCfg = Debug|Win32
		{8CF72556-9AF4-465E-9C58-CD00D7E725D7}.Debug|x86.Build.0 = Debug|Win32
		{8CF72556-9AF4-465E-9C58-CD00D7E725D7}.Release|x64.ActiveCfg = Release|x64
		{8CF72556-9AF4-465E-9C58-CD00D7E725D7}.Release|x64.Build.0 = Release|x64
		{8CF72556-9AF4-465E-9C58-CD00D7E725D7}.Release|x86.ActiveCfg = Release|Win32
		{8CF72556-9AF4-465E-9C58-CD00D7E725D7}.Release|x86.Build.0 = Release|Win32
	EndGlobalSection
	GlobalSection(SolutionProperties) = preSolution
		HideSolutionNode = FALSE
	EndGlobalSection
	GlobalSection(ExtensibilityGlobals) = postSolution
		SolutionGuid = {4E9972A2-1842-4334-94B3-6F2CDF90139F}
	EndGlobalSection
EndGlobal
